{
  "name": "messaging-quest",
  "version": "0.4.0",
  "lockfileVersion": 3,
  "requires": true,
  "packages": {
    "": {
      "name": "messaging-quest",
      "version": "0.4.0",
      "license": "Elastic-2.0",
      "bin": {
        "mq": "bin/mq.mjs"
      },
      "engines": {
        "node": ">=18"
      }
    }
  }
}
